lockfileVersion: '9.0'

settings:
  autoInstallPeers: true
  excludeLinksFromLockfile: false

importers:

  .:
    dependencies:
      ws:
        specifier: ^8.19.0
        version: 8.20.0
      xml2js:
        specifier: ^0.6.2
        version: 0.6.2

  apps/api-server:
    dependencies:
      '@ai-team/agent-harness':
        specifier: workspace:*
        version: link:../../packages/agent-harness
      '@ai-team/event-bus':
        specifier: workspace:*
        version: link:../../packages/event-bus
      '@ai-team/im-channels':
        specifier: workspace:*
        version: link:../../packages/im-channels
      '@ai-team/shared':
        specifier: workspace:*
        version: link:../../packages/shared
      '@ai-team/skills':
        specifier: workspace:*
        version: link:../../packages/skills
      '@ai-team/team-core':
        specifier: workspace:*
        version: link:../../packages/team-core
      '@ai-team/team-runtime':
        specifier: workspace:*
        version: link:../../packages/team-runtime
      '@ai-team/tools':
        specifier: workspace:*
        version: link:../../packages/tools
      ws:
        specifier: ^8.19.0
        version: 8.20.0
      xml2js:
        specifier: ^0.6.2
        version: 0.6.2

  apps/cli:
    dependencies:
      '@ai-team/api-server':
        specifier: workspace:*
        version: link:../api-server

  packages/agent-harness:
    dependencies:
      '@ai-team/tools':
        specifier: workspace:*
        version: link:../tools

  packages/event-bus: {}

  packages/im-channels:
    dependencies:
      xml2js:
        specifier: ^0.6.2
        version: 0.6.2

  packages/shared: {}

  packages/skills: {}

  packages/team-core: {}

  packages/team-runtime:
    dependencies:
      '@ai-team/agent-harness':
        specifier: workspace:*
        version: link:../agent-harness
      '@ai-team/team-core':
        specifier: workspace:*
        version: link:../team-core
      xml2js:
        specifier: ^0.6.2
        version: 0.6.2

  packages/tools: {}

packages:

  sax@1.6.0:
    resolution: {integrity: sha512-6R3J5M4AcbtLUdZmRv2SygeVaM7IhrLXu9BmnOGmmACak8fiUtOsYNWUS4uK7upbmHIBbLBeFeI//477BKLBzA==}
    engines: {node: '>=11.0.0'}

  ws@8.20.0:
    resolution: {integrity: sha512-sAt8BhgNbzCtgGbt2OxmpuryO63ZoDk/sqaB/znQm94T4fCEsy/yV+7CdC1kJhOU9lboAEU7R3kquuycDoibVA==}
    engines: {node: '>=10.0.0'}
    peerDependencies:
      bufferutil: ^4.0.1
      utf-8-validate: '>=5.0.2'
    peerDependenciesMeta:
      bufferutil:
        optional: true
      utf-8-validate:
        optional: true

  xml2js@0.6.2:
    resolution: {integrity: sha512-T4rieHaC1EXcES0Kxxj4JWgaUQHDk+qwHcYOCFHfiwKz7tOVPLq7Hjq9dM1WCMhylqMEfP7hMcOIChvotiZegA==}
    engines: {node: '>=4.0.0'}

  xmlbuilder@11.0.1:
    resolution: {integrity: sha512-fDlsI/kFEx7gLvbecc0/ohLG50fugQp8ryHzMTuW9vSa1GJ0XYWKnhsUx7oie3G98+r56aTQIUB4kht42R3JvA==}
    engines: {node: '>=4.0'}

snapshots:

  sax@1.6.0: {}

  ws@8.20.0: {}

  xml2js@0.6.2:
    dependencies:
      sax: 1.6.0
      xmlbuilder: 11.0.1

  xmlbuilder@11.0.1: {}
